
Microsoft Visual Studio Solution File, Format Version 12.00
# Visual Studio 2012
Project("{8BC9CEB8-8B4A-11D0-8D11-00A0C91BC942}") = "thrtut01", "Thrtut01.vcxproj", "{C51691B5-F737-4E3C-A500-2D672BB0540A}"
EndProject
Global
	GlobalSection(SolutionConfigurationPlatforms) = preSolution
		Debug|Win32 = Debug|Win32
		Release|Win32 = Release|Win32
	EndGlobalSection
	GlobalSection(ProjectConfigurationPlatforms) = postSolution
		{C51691B5-F737-4E3C-A500-2D672BB0540A}.Debug|Win32.ActiveCfg = Debug|Win32
		{C51691B5-F737-4E3C-A500-2D672BB0540A}.Debug|Win32.Build.0 = Debug|Win32
		{C51691B5-F737-4E3C-A500-2D672BB0540A}.Release|Win32.ActiveCfg = Release|Win32
		{C51691B5-F737-4E3C-A500-2D672BB0540A}.Release|Win32.Build.0 = Release|Win32
	EndGlobalSection
	GlobalSection(SolutionProperties) = preSolution
		HideSolutionNode = FALSE
	EndGlobalSection
EndGlobal
